# THIS IS AN AUTOGENERATED FILE. DO NOT EDIT THIS FILE DIRECTLY.
# yarn lockfile v1


gsap-trial@^3.12.5:
  version "3.12.5"
  resolved "https://registry.yarnpkg.com/gsap-trial/-/gsap-trial-3.12.5.tgz#02a6f3347a0a7ad285287ab8934ec873e93c13e4"
  integrity sha512-Mdq2sLBq6rt9qje/MoF/hRa/xKfvKOUdllPouU2Fhz1K6mpCk0SOGBDhxCrOrJXZ4O7YFFRFVADKIJVeHdKA8A==
